
Microsoft Visual Studio Solution File, Format Version 12.00
# Visual Studio 2012
Project("{FAE04EC0-301F-11D3-BF4B-00C04F79EFBC}") = "TwilioClientTest.iOS.Unified", "TwilioClientTest.iOS.Unified.csproj", "{65D48FA1-AC3F-4551-99D9-8E428F3133BD}"
EndProject
Global
	GlobalSection(SolutionConfigurationPlatforms) = preSolution
		Debug|iPhoneSimulator = Debug|iPhoneSimulator
		Release|iPhoneSimulator = Release|iPhoneSimulator
		Debug|iPhone = Debug|iPhone
		Release|iPhone = Release|iPhone
		Ad-Hoc|iPhone = Ad-Hoc|iPhone
		AppStore|iPhone = AppStore|iPhone
	EndGlobalSection
	GlobalSection(ProjectConfigurationPlatforms) = postSolution
		{65D48FA1-AC3F-4551-99D9-8E428F3133BD}.Ad-Hoc|iPhone.ActiveCfg = Ad-Hoc|iPhone
		{65D48FA1-AC3F-4551-99D9-8E428F3133BD}.Ad-Hoc|iPhone.Build.0 = Ad-Hoc|iPhone
		{65D48FA1-AC3F-4551-99D9-8E428F3133BD}.AppStore|iPhone.ActiveCfg = AppStore|iPhone
		{65D48FA1-AC3F-4551-99D9-8E428F3133BD}.AppStore|iPhone.Build.0 = AppStore|iPhone
		{65D48FA1-AC3F-4551-99D9-8E428F3133BD}.Debug|iPhone.ActiveCfg = Debug|iPhone
		{65D48FA1-AC3F-4551-99D9-8E428F3133BD}.Debug|iPhone.Build.0 = Debug|iPhone
		{65D48FA1-AC3F-4551-99D9-8E428F3133BD}.Debug|iPhoneSimulator.ActiveCfg = Debug|iPhoneSimulator
		{65D48FA1-AC3F-4551-99D9-8E428F3133BD}.Debug|iPhoneSimulator.Build.0 = Debug|iPhoneSimulator
		{65D48FA1-AC3F-4551-99D9-8E428F3133BD}.Release|iPhone.ActiveCfg = Release|iPhone
		{65D48FA1-AC3F-4551-99D9-8E428F3133BD}.Release|iPhone.Build.0 = Release|iPhone
		{65D48FA1-AC3F-4551-99D9-8E428F3133BD}.Release|iPhoneSimulator.ActiveCfg = Release|iPhoneSimulator
		{65D48FA1-AC3F-4551-99D9-8E428F3133BD}.Release|iPhoneSimulator.Build.0 = Release|iPhoneSimulator
	EndGlobalSection
EndGlobal
